github.com/rsa17826/go-arg-lib v0.0.15 h1:0GsPa5qkbU7D3CBGgmya1zpgw0DtYTbSaVrADlV4yaQ=
github.com/rsa17826/go-arg-lib v0.0.15/go.mod h1:eP/bXinIXD6bZWBMqk9eZJfkkKUcl66j0uuz1amrsdU=
github.com/rsa17826/go-arg-lib v0.0.16 h1:Yo/RXb6o2RHhl7U35LD7w4TE5Gv2pnVqnoc4D77jc3w=
github.com/rsa17826/go-arg-lib v0.0.16/go.mod h1:eP/bXinIXD6bZWBMqk9eZJfkkKUcl66j0uuz1amrsdU=
github.com/rsa17826/go-arg-lib v0.0.17 h1:7p0L73aE813cUbLHfv0DY7BAFK9G6LmPzgJAYM9nxqA=
github.com/rsa17826/go-arg-lib v0.0.17/go.mod h1:eP/bXinIXD6bZWBMqk9eZJfkkKUcl66j0uuz1amrsdU=
github.com/rsa17826/go-arg-lib v0.0.18 h1:Z9qM8UXxfjOZNMqanVMZacbaH4ha+hasGi9tRz6gJVw=
github.com/rsa17826/go-arg-lib v0.0.18/go.mod h1:eP/bXinIXD6bZWBMqk9eZJfkkKUcl66j0uuz1amrsdU=
github.com/rsa17826/go-arg-lib v0.0.19 h1:0yQtWhxZwlDp5utEowNq9L7KRvln57jx7Vobpq0Le2g=
github.com/rsa17826/go-arg-lib v0.0.19/go.mod h1:eP/bXinIXD6bZWBMqk9eZJfkkKUcl66j0uuz1amrsdU=
github.com/rsa17826/go-arg-lib v0.0.20 h1:/a+oTdUotzzAkj4DSsXeQeol3JbrhbxYRYMoQ0pSRDs=
github.com/rsa17826/go-arg-lib v0.0.20/go.mod h1:eP/bXinIXD6bZWBMqk9eZJfkkKUcl66j0uuz1amrsdU=
github.com/rsa17826/go-arg-lib v0.0.21 h1:xpyh2vzgS9pMtsdvSJbNTRtmVIr/aNk1Vsaw9S2VtCA=
github.com/rsa17826/go-arg-lib v0.0.21/go.mod h1:eP/bXinIXD6bZWBMqk9eZJfkkKUcl66j0uuz1amrsdU=
github.com/rsa17826/go-arg-lib v0.0.22 h1:BC+Eyej+kR+tZuUQGNqtYPbHKYFdSlJl2YdtJbkdxCE=
github.com/rsa17826/go-arg-lib v0.0.22/go.mod h1:eP/bXinIXD6bZWBMqk9eZJfkkKUcl66j0uuz1amrsdU=
github.com/rsa17826/go-arg-lib v0.0.23 h1:NJaY3H9FRxO+zDTmCjRiZs4sYPjRi5M4K/O4bhRAAu4=
github.com/rsa17826/go-arg-lib v0.0.23/go.mod h1:eP/bXinIXD6bZWBMqk9eZJfkkKUcl66j0uuz1amrsdU=
github.com/rsa17826/go-arg-lib v0.0.24 h1:K0677X3FIj5A2wdWQRzYKhcNxp7w1EYAPEX3Rt0WqLY=
github.com/rsa17826/go-arg-lib v0.0.24/go.mod h1:eP/bXinIXD6bZWBMqk9eZJfkkKUcl66j0uuz1amrsdU=
github.com/rsa17826/go-arg-lib v0.0.25 h1:7R+ddAxSwSTgqDahbZVM/+faBcox235OxT5ZYVAEc2o=
github.com/rsa17826/go-arg-lib v0.0.25/go.mod h1:eP/bXinIXD6bZWBMqk9eZJfkkKUcl66j0uuz1amrsdU=
github.com/rsa17826/go-arg-lib v0.0.26 h1:2jN8YGYDRL7fgp1IIdqsfgwEnqR6gIrx3sHhVdd2NJU=
github.com/rsa17826/go-arg-lib v0.0.26/go.mod h1:eP/bXinIXD6bZWBMqk9eZJfkkKUcl66j0uuz1amrsdU=
github.com/rsa17826/go-arg-lib v0.0.27 h1:H1zjkpyLKBw8ZcI7SK/oGpqDObJl4Pb0XQMz+4yYxp4=
github.com/rsa17826/go-arg-lib v0.0.27/go.mod h1:eP/bXinIXD6bZWBMqk9eZJfkkKUcl66j0uuz1amrsdU=
github.com/rsa17826/go-arg-lib v0.0.28 h1:sQ6P5FztsT2pB4DbW6/IMzE1WY/oPdU8zfBVHZY0UjQ=
github.com/rsa17826/go-arg-lib v0.0.28/go.mod h1:eP/bXinIXD6bZWBMqk9eZJfkkKUcl66j0uuz1amrsdU=
github.com/rsa17826/go-arg-lib v0.0.29 h1:5tnR0oiHDvRFxaSD+lS7EJnqKNJUnpU3N4jDclr9QkY=
github.com/rsa17826/go-arg-lib v0.0.29/go.mod h1:eP/bXinIXD6bZWBMqk9eZJfkkKUcl66j0uuz1amrsdU=
github.com/rsa17826/go-arg-lib v0.0.30 h1:6i+7yPjkSDPxSkmk5+SThgV6H2HT26h7vKlzewm48W4=
github.com/rsa17826/go-arg-lib v0.0.30/go.mod h1:eP/bXinIXD6bZWBMqk9eZJfkkKUcl66j0uuz1amrsdU=
github.com/rsa17826/go-arg-lib v0.0.31 h1:4W2JgWD2i4wAsA25VyCn4scW4GoiiEAzSdSPONQCTYo=
github.com/rsa17826/go-arg-lib v0.0.31/go.mod h1:eP/bXinIXD6bZWBMqk9eZJfkkKUcl66j0uuz1amrsdU=
github.com/rsa17826/go-arg-lib v0.0.32 h1:FAkzyqXoIRcCcCOWAJYzDsxsw/VJKA3Ubk3vQLmrt78=
github.com/rsa17826/go-arg-lib v0.0.32/go.mod h1:eP/bXinIXD6bZWBMqk9eZJfkkKUcl66j0uuz1amrsdU=
github.com/rsa17826/go-arg-lib v0.0.33 h1:5dJGhi9BSeegZ+SBKLLO5kwCDCBcQWCHzpsnqXpZEvY=
github.com/rsa17826/go-arg-lib v0.0.33/go.mod h1:eP/bXinIXD6bZWBMqk9eZJfkkKUcl66j0uuz1amrsdU=
github.com/rsa17826/go-arg-lib v0.0.34 h1:tYrd+56JoU97vH806Xb4U9axS60fKnehsspOf3GMpiw=
github.com/rsa17826/go-arg-lib v0.0.34/go.mod h1:eP/bXinIXD6bZWBMqk9eZJfkkKUcl66j0uuz1amrsdU=
github.com/rsa17826/go-arg-lib v0.0.35 h1:EDIryCJROfUdHMPYhQtqUbp7DoR2G0JShqE+P6c/7zM=
github.com/rsa17826/go-arg-lib v0.0.35/go.mod h1:eP/bXinIXD6bZWBMqk9eZJfkkKUcl66j0uuz1amrsdU=
github.com/rsa17826/go-arg-lib v0.0.36 h1:/pmUGEezLYPAmE4BYphc/TeJ9XbotPtJ2vkqQgYiEEk=
github.com/rsa17826/go-arg-lib v0.0.36/go.mod h1:eP/bXinIXD6bZWBMqk9eZJfkkKUcl66j0uuz1amrsdU=
github.com/rsa17826/go-arg-lib v0.0.37 h1:su+GZsbPXOMukP+rr7ChSRMZWbYqvfvxB+DVQXygxT8=
github.com/rsa17826/go-arg-lib v0.0.37/go.mod h1:eP/bXinIXD6bZWBMqk9eZJfkkKUcl66j0uuz1amrsdU=
github.com/rsa17826/go-arg-lib v0.0.38 h1:f9Kw7BaoUPwjIOjKVWcu11GbCaO5ylEgd6n/FRwIjBc=
github.com/rsa17826/go-arg-lib v0.0.38/go.mod h1:eP/bXinIXD6bZWBMqk9eZJfkkKUcl66j0uuz1amrsdU=
github.com/rsa17826/go-arg-lib v0.0.39 h1:YUpBjBLR0bs9GnnQ3Wd551p2SjVQfhpBEltyTw2PX8U=
github.com/rsa17826/go-arg-lib v0.0.39/go.mod h1:eP/bXinIXD6bZWBMqk9eZJfkkKUcl66j0uuz1amrsdU=
github.com/rsa17826/go-input-lib v0.0.15 h1:bZhFc0UqrdAwo25Z7G9RC1O8ZSkuJtJ6i6MB9zM2itA=
github.com/rsa17826/go-input-lib v0.0.15/go.mod h1:+nUmviXztY9e6S0X7h/vaBJnC06cf5JaH08JiaEht+w=
golang.org/x/sys v0.44.0 h1:ildZl3J4uzeKP07r2F++Op7E9B29JRUy+a27EibtBTQ=
golang.org/x/sys v0.44.0/go.mod h1:4GL1E5IUh+htKOUEOaiffhrAeqysfVGipDYzABqnCmw=
